
Microsoft Visual Studio Solution File, Format Version 12.00
# Visual Studio Version 17
VisualStudioVersion = 17.14.36310.24 d17.14
MinimumVisualStudioVersion = 10.0.40219.1
Project("{FAE04EC0-301F-11D3-BF4B-00C04F79EFBC}") = "BlazorAppVS", "BlazorAppVS.csproj", "{753502BD-3147-416B-98A1-E6694988356E}"
EndProject
Global
	GlobalSection(SolutionConfigurationPlatforms) = preSolution
		Debug|Any CPU = Debug|Any CPU
		Release|Any CPU = Release|Any CPU
	EndGlobalSection
	GlobalSection(ProjectConfigurationPlatforms) = postSolution
		{753502BD-3147-416B-98A1-E6694988356E}.Debug|Any CPU.ActiveCfg = Debug|Any CPU
		{753502BD-3147-416B-98A1-E6694988356E}.Debug|Any CPU.Build.0 = Debug|Any CPU
		{753502BD-3147-416B-98A1-E6694988356E}.Release|Any CPU.ActiveCfg = Release|Any CPU
		{753502BD-3147-416B-98A1-E6694988356E}.Release|Any CPU.Build.0 = Release|Any CPU
	EndGlobalSection
	GlobalSection(SolutionProperties) = preSolution
		HideSolutionNode = FALSE
	EndGlobalSection
	GlobalSection(ExtensibilityGlobals) = postSolution
		SolutionGuid = {CBC54BD9-2EA2-4B98-ABBA-85DD0E9307CA}
	EndGlobalSection
EndGlobal
